
Microsoft Visual Studio Solution File, Format Version 12.00
# Visual Studio 15
VisualStudioVersion = 15.0.28010.2003
MinimumVisualStudioVersion = 10.0.40219.1
Project("{FAE04EC0-301F-11D3-BF4B-00C04F79EFBC}") = "Quiz", "Quiz\Quiz.csproj", "{FC9F9039-AA4A-4495-AD6B-FC7171ABC01C}"
EndProject
Global
	GlobalSection(SolutionConfigurationPlatforms) = preSolution
		Debug|Any CPU = Debug|Any CPU
		Release|Any CPU = Release|Any CPU
	EndGlobalSection
	GlobalSection(ProjectConfigurationPlatforms) = postSolution
		{FC9F9039-AA4A-4495-AD6B-FC7171ABC01C}.Debug|Any CPU.ActiveCfg = Debug|Any CPU
		{FC9F9039-AA4A-4495-AD6B-FC7171ABC01C}.Debug|Any CPU.Build.0 = Debug|Any CPU
		{FC9F9039-AA4A-4495-AD6B-FC7171ABC01C}.Release|Any CPU.ActiveCfg = Release|Any CPU
		{FC9F9039-AA4A-4495-AD6B-FC7171ABC01C}.Release|Any CPU.Build.0 = Release|Any CPU
	EndGlobalSection
	GlobalSection(SolutionProperties) = preSolution
		HideSolutionNode = FALSE
	EndGlobalSection
	GlobalSection(ExtensibilityGlobals) = postSolution
		SolutionGuid = {9031ED77-874E-4D83-A466-C5E302DA2E82}
	EndGlobalSection
EndGlobal
